
Microsoft Visual Studio Solution File, Format Version 12.00
# Visual Studio Version 17
VisualStudioVersion = 17.10.34928.147
MinimumVisualStudioVersion = 10.0.40219.1
Project("{FAE04EC0-301F-11D3-BF4B-00C04F79EFBC}") = "HNGTaskOne", "HNGTaskOne\HNGTaskOne.csproj", "{D0E1968B-4F7B-41AF-B1DD-944B3BD7397E}"
EndProject
Global
	GlobalSection(SolutionConfigurationPlatforms) = preSolution
		Debug|Any CPU = Debug|Any CPU
		Release|Any CPU = Release|Any CPU
	EndGlobalSection
	GlobalSection(ProjectConfigurationPlatforms) = postSolution
		{D0E1968B-4F7B-41AF-B1DD-944B3BD7397E}.Debug|Any CPU.ActiveCfg = Debug|Any CPU
		{D0E1968B-4F7B-41AF-B1DD-944B3BD7397E}.Debug|Any CPU.Build.0 = Debug|Any CPU
		{D0E1968B-4F7B-41AF-B1DD-944B3BD7397E}.Release|Any CPU.ActiveCfg = Release|Any CPU
		{D0E1968B-4F7B-41AF-B1DD-944B3BD7397E}.Release|Any CPU.Build.0 = Release|Any CPU
	EndGlobalSection
	GlobalSection(SolutionProperties) = preSolution
		HideSolutionNode = FALSE
	EndGlobalSection
	GlobalSection(ExtensibilityGlobals) = postSolution
		SolutionGuid = {9761118D-CA23-4F82-A3B2-449A0255F9BD}
	EndGlobalSection
EndGlobal
